// !$*UTF8*$!
{
	archiveVersion = 1;
	classes = {
	};
	objectVersion = 55;
	objects = {

/* Begin PBXBuildFile section */
		B489FF3D2834F3C800595703 /* Cats_with_coordinatorApp.swift in Sources */ = {isa = PBXBuildFile; fileRef = B489FF3C2834F3C800595703 /* Cats_with_coordinatorApp.swift */; };
		B489FF3F2834F3C800595703 /* ContentView.swift in Sources */ = {isa = PBXBuildFile; fileRef = B489FF3E2834F3C800595703 /* ContentView.swift */; };
		B489FF412834F3CA00595703 /* Assets.xcassets in Resources */ = {isa = PBXBuildFile; fileRef = B489FF402834F3CA00595703 /* Assets.xcassets */; };
		B489FF442834F3CA00595703 /* Preview Assets.xcassets in Resources */ = {isa = PBXBuildFile; fileRef = B489FF432834F3CA00595703 /* Preview Assets.xcassets */; };
		B489FF502834F45600595703 /* String+localized.swift in Sources */ = {isa = PBXBuildFile; fileRef = B489FF4F2834F45600595703 /* String+localized.swift */; };
		B489FF522834F46A00595703 /* AppError.swift in Sources */ = {isa = PBXBuildFile; fileRef = B489FF512834F46A00595703 /* AppError.swift */; };
		B489FF552834F55C00595703 /* Localizable.strings in Resources */ = {isa = PBXBuildFile; fileRef = B489FF572834F55C00595703 /* Localizable.strings */; };
		B489FF5A2834F6F500595703 /* Breedes.swift in Sources */ = {isa = PBXBuildFile; fileRef = B489FF592834F6F500595703 /* Breedes.swift */; };
		B489FF5C2834F6FD00595703 /* Cats.swift in Sources */ = {isa = PBXBuildFile; fileRef = B489FF5B2834F6FD00595703 /* Cats.swift */; };
		B489FF612834F76C00595703 /* HTTPMethod.swift in Sources */ = {isa = PBXBuildFile; fileRef = B489FF602834F76C00595703 /* HTTPMethod.swift */; };
		B489FF632834F78300595703 /* NetworkingError.swift in Sources */ = {isa = PBXBuildFile; fileRef = B489FF622834F78300595703 /* NetworkingError.swift */; };
		B489FF652834F7A800595703 /* APIService.swift in Sources */ = {isa = PBXBuildFile; fileRef = B489FF642834F7A800595703 /* APIService.swift */; };
		B489FF672834F7EB00595703 /* APIMethodService.swift in Sources */ = {isa = PBXBuildFile; fileRef = B489FF662834F7EB00595703 /* APIMethodService.swift */; };
		B489FF692834F80200595703 /* APIRouter.swift in Sources */ = {isa = PBXBuildFile; fileRef = B489FF682834F80200595703 /* APIRouter.swift */; };
		B489FF6B2834F82000595703 /* APIRouter+Models.swift in Sources */ = {isa = PBXBuildFile; fileRef = B489FF6A2834F82000595703 /* APIRouter+Models.swift */; };
		B489FF712834FF1500595703 /* Stinsen in Frameworks */ = {isa = PBXBuildFile; productRef = B489FF702834FF1500595703 /* Stinsen */; };
/* End PBXBuildFile section */

/* Begin PBXFileReference section */
		B489FF392834F3C800595703 /* Cats with coordinator.app */ = {isa = PBXFileReference; explicitFileType = wrapper.application; includeInIndex = 0; path = "Cats with coordinator.app"; sourceTree = BUILT_PRODUCTS_DIR; };
		B489FF3C2834F3C800595703 /* Cats_with_coordinatorApp.swift */ = {isa = PBXFileReference; lastKnownFileType = sourcecode.swift; path = Cats_with_coordinatorApp.swift; sourceTree = "<group>"; };
		B489FF3E2834F3C800595703 /* ContentView.swift */ = {isa = PBXFileReference; lastKnownFileType = sourcecode.swift; path = ContentView.swift; sourceTree = "<group>"; };
		B489FF402834F3CA00595703 /* Assets.xcassets */ = {isa = PBXFileReference; lastKnownFileType = folder.assetcatalog; path = Assets.xcassets; sourceTree = "<group>"; };
		B489FF432834F3CA00595703 /* Preview Assets.xcassets */ = {isa = PBXFileReference; lastKnownFileType = folder.assetcatalog; path = "Preview Assets.xcassets"; sourceTree = "<group>"; };
		B489FF4F2834F45600595703 /* String+localized.swift */ = {isa = PBXFileReference; lastKnownFileType = sourcecode.swift; path = "String+localized.swift"; sourceTree = "<group>"; };
		B489FF512834F46A00595703 /* AppError.swift */ = {isa = PBXFileReference; lastKnownFileType = sourcecode.swift; path = AppError.swift; sourceTree = "<group>"; };
		B489FF562834F55C00595703 /* en */ = {isa = PBXFileReference; lastKnownFileType = text.plist.strings; name = en; path = en.lproj/Localizable.strings; sourceTree = "<group>"; };
		B489FF582834F56C00595703 /* ru */ = {isa = PBXFileReference; lastKnownFileType = text.plist.strings; name = ru; path = ru.lproj/Localizable.strings; sourceTree = "<group>"; };
		B489FF592834F6F500595703 /* Breedes.swift */ = {isa = PBXFileReference; fileEncoding = 4; lastKnownFileType = sourcecode.swift; path = Breedes.swift; sourceTree = "<group>"; };
		B489FF5B2834F6FD00595703 /* Cats.swift */ = {isa = PBXFileReference; fileEncoding = 4; lastKnownFileType = sourcecode.swift; path = Cats.swift; sourceTree = "<group>"; };
		B489FF602834F76C00595703 /* HTTPMethod.swift */ = {isa = PBXFileReference; lastKnownFileType = sourcecode.swift; path = HTTPMethod.swift; sourceTree = "<group>"; };
		B489FF622834F78300595703 /* NetworkingError.swift */ = {isa = PBXFileReference; lastKnownFileType = sourcecode.swift; path = NetworkingError.swift; sourceTree = "<group>"; };
		B489FF642834F7A800595703 /* APIService.swift */ = {isa = PBXFileReference; lastKnownFileType = sourcecode.swift; path = APIService.swift; sourceTree = "<group>"; };
		B489FF662834F7EB00595703 /* APIMethodService.swift */ = {isa = PBXFileReference; lastKnownFileType = sourcecode.swift; path = APIMethodService.swift; sourceTree = "<group>"; };
		B489FF682834F80200595703 /* APIRouter.swift */ = {isa = PBXFileReference; lastKnownFileType = sourcecode.swift; path = APIRouter.swift; sourceTree = "<group>"; };
		B489FF6A2834F82000595703 /* APIRouter+Models.swift */ = {isa = PBXFileReference; lastKnownFileType = sourcecode.swift; path = "APIRouter+Models.swift"; sourceTree = "<group>"; };
/* End PBXFileReference section */

/* Begin PBXFrameworksBuildPhase section */
		B489FF362834F3C800595703 /* Frameworks */ = {
			isa = PBXFrameworksBuildPhase;
			buildActionMask = 2147483647;
			files = (
				B489FF712834FF1500595703 /* Stinsen in Frameworks */,
			);
			runOnlyForDeploymentPostprocessing = 0;
		};
/* End PBXFrameworksBuildPhase section */

/* Begin PBXGroup section */
		B489FF302834F3C800595703 = {
			isa = PBXGroup;
			children = (
				B489FF3B2834F3C800595703 /* Cats with coordinator */,
				B489FF3A2834F3C800595703 /* Products */,
			);
			sourceTree = "<group>";
		};
		B489FF3A2834F3C800595703 /* Products */ = {
			isa = PBXGroup;
			children = (
				B489FF392834F3C800595703 /* Cats with coordinator.app */,
			);
			name = Products;
			sourceTree = "<group>";
		};
		B489FF3B2834F3C800595703 /* Cats with coordinator */ = {
			isa = PBXGroup;
			children = (
				B489FF6E2834FE9100595703 /* Main */,
				B489FF4D2834F40E00595703 /* Networking */,
				B489FF4C2834F40100595703 /* Models */,
				B489FF4A2834F3EF00595703 /* Core */,
				B489FF422834F3CA00595703 /* Preview Content */,
			);
			path = "Cats with coordinator";
			sourceTree = "<group>";
		};
		B489FF422834F3CA00595703 /* Preview Content */ = {
			isa = PBXGroup;
			children = (
				B489FF432834F3CA00595703 /* Preview Assets.xcassets */,
			);
			path = "Preview Content";
			sourceTree = "<group>";
		};
		B489FF4A2834F3EF00595703 /* Core */ = {
			isa = PBXGroup;
			children = (
				B489FF512834F46A00595703 /* AppError.swift */,
				B489FF402834F3CA00595703 /* Assets.xcassets */,
				B489FF572834F55C00595703 /* Localizable.strings */,
				B489FF4E2834F43200595703 /* Extensions */,
			);
			path = Core;
			sourceTree = "<group>";
		};
		B489FF4C2834F40100595703 /* Models */ = {
			isa = PBXGroup;
			children = (
				B489FF592834F6F500595703 /* Breedes.swift */,
				B489FF5B2834F6FD00595703 /* Cats.swift */,
			);
			path = Models;
			sourceTree = "<group>";
		};
		B489FF4D2834F40E00595703 /* Networking */ = {
			isa = PBXGroup;
			children = (
				B489FF5D2834F71600595703 /* APIRouter */,
				B489FF5E2834F72400595703 /* APIService */,
				B489FF5F2834F73500595703 /* Utils */,
			);
			path = Networking;
			sourceTree = "<group>";
		};
		B489FF4E2834F43200595703 /* Extensions */ = {
			isa = PBXGroup;
			children = (
				B489FF4F2834F45600595703 /* String+localized.swift */,
			);
			path = Extensions;
			sourceTree = "<group>";
		};
		B489FF5D2834F71600595703 /* APIRouter */ = {
			isa = PBXGroup;
			children = (
				B489FF682834F80200595703 /* APIRouter.swift */,
				B489FF6A2834F82000595703 /* APIRouter+Models.swift */,
			);
			path = APIRouter;
			sourceTree = "<group>";
		};
		B489FF5E2834F72400595703 /* APIService */ = {
			isa = PBXGroup;
			children = (
				B489FF642834F7A800595703 /* APIService.swift */,
				B489FF662834F7EB00595703 /* APIMethodService.swift */,
			);
			path = APIService;
			sourceTree = "<group>";
		};
		B489FF5F2834F73500595703 /* Utils */ = {
			isa = PBXGroup;
			children = (
				B489FF602834F76C00595703 /* HTTPMethod.swift */,
				B489FF622834F78300595703 /* NetworkingError.swift */,
			);
			path = Utils;
			sourceTree = "<group>";
		};
		B489FF6E2834FE9100595703 /* Main */ = {
			isa = PBXGroup;
			children = (
				B489FF3C2834F3C800595703 /* Cats_with_coordinatorApp.swift */,
				B489FF3E2834F3C800595703 /* ContentView.swift */,
			);
			path = Main;
			sourceTree = "<group>";
		};
/* End PBXGroup section */

/* Begin PBXNativeTarget section */
		B489FF382834F3C800595703 /* Cats with coordinator */ = {
			isa = PBXNativeTarget;
			buildConfigurationList = B489FF472834F3CA00595703 /* Build configuration list for PBXNativeTarget "Cats with coordinator" */;
			buildPhases = (
				B489FF352834F3C800595703 /* Sources */,
				B489FF362834F3C800595703 /* Frameworks */,
				B489FF372834F3C800595703 /* Resources */,
			);
			buildRules = (
			);
			dependencies = (
			);
			name = "Cats with coordinator";
			packageProductDependencies = (
				B489FF702834FF1500595703 /* Stinsen */,
			);
			productName = "Cats with coordinator";
			productReference = B489FF392834F3C800595703 /* Cats with coordinator.app */;
			productType = "com.apple.product-type.application";
		};
/* End PBXNativeTarget section */

/* Begin PBXProject section */
		B489FF312834F3C800595703 /* Project object */ = {
			isa = PBXProject;
			attributes = {
				BuildIndependentTargetsInParallel = 1;
				LastSwiftUpdateCheck = 1340;
				LastUpgradeCheck = 1340;
				TargetAttributes = {
					B489FF382834F3C800595703 = {
						CreatedOnToolsVersion = 13.4;
					};
				};
			};
			buildConfigurationList = B489FF342834F3C800595703 /* Build configuration list for PBXProject "Cats with coordinator" */;
			compatibilityVersion = "Xcode 13.0";
			developmentRegion = en;
			hasScannedForEncodings = 0;
			knownRegions = (
				en,
				ru,
			);
			mainGroup = B489FF302834F3C800595703;
			packageReferences = (
				B489FF6F2834FF1500595703 /* XCRemoteSwiftPackageReference "stinsen" */,
			);
			productRefGroup = B489FF3A2834F3C800595703 /* Products */;
			projectDirPath = "";
			projectRoot = "";
			targets = (
				B489FF382834F3C800595703 /* Cats with coordinator */,
			);
		};
/* End PBXProject section */

/* Begin PBXResourcesBuildPhase section */
		B489FF372834F3C800595703 /* Resources */ = {
			isa = PBXResourcesBuildPhase;
			buildActionMask = 2147483647;
			files = (
				B489FF442834F3CA00595703 /* Preview Assets.xcassets in Resources */,
				B489FF552834F55C00595703 /* Localizable.strings in Resources */,
				B489FF412834F3CA00595703 /* Assets.xcassets in Resources */,
			);
			runOnlyForDeploymentPostprocessing = 0;
		};
/* End PBXResourcesBuildPhase section */

/* Begin PBXSourcesBuildPhase section */
		B489FF352834F3C800595703 /* Sources */ = {
			isa = PBXSourcesBuildPhase;
			buildActionMask = 2147483647;
			files = (
				B489FF522834F46A00595703 /* AppError.swift in Sources */,
				B489FF672834F7EB00595703 /* APIMethodService.swift in Sources */,
				B489FF3F2834F3C800595703 /* ContentView.swift in Sources */,
				B489FF632834F78300595703 /* NetworkingError.swift in Sources */,
				B489FF612834F76C00595703 /* HTTPMethod.swift in Sources */,
				B489FF502834F45600595703 /* String+localized.swift in Sources */,
				B489FF5A2834F6F500595703 /* Breedes.swift in Sources */,
				B489FF692834F80200595703 /* APIRouter.swift in Sources */,
				B489FF5C2834F6FD00595703 /* Cats.swift in Sources */,
				B489FF652834F7A800595703 /* APIService.swift in Sources */,
				B489FF3D2834F3C800595703 /* Cats_with_coordinatorApp.swift in Sources */,
				B489FF6B2834F82000595703 /* APIRouter+Models.swift in Sources */,
			);
			runOnlyForDeploymentPostprocessing = 0;
		};
/* End PBXSourcesBuildPhase section */

/* Begin PBXVariantGroup section */
		B489FF572834F55C00595703 /* Localizable.strings */ = {
			isa = PBXVariantGroup;
			children = (
				B489FF562834F55C00595703 /* en */,
				B489FF582834F56C00595703 /* ru */,
			);
			name = Localizable.strings;
			sourceTree = "<group>";
		};
/* End PBXVariantGroup section */

/* Begin XCBuildConfiguration section */
		B489FF452834F3CA00595703 /* Debug */ = {
			isa = XCBuildConfiguration;
			buildSettings = {
				ALWAYS_SEARCH_USER_PATHS = NO;
				CLANG_ANALYZER_NONNULL = YES;
				CLANG_ANALYZER_NUMBER_OBJECT_CONVERSION = YES_AGGRESSIVE;
				CLANG_CXX_LANGUAGE_STANDARD = "gnu++17";
				CLANG_ENABLE_MODULES = YES;
				CLANG_ENABLE_OBJC_ARC = YES;
				CLANG_ENABLE_OBJC_WEAK = YES;
				CLANG_WARN_BLOCK_CAPTURE_AUTORELEASING = YES;
				CLANG_WARN_BOOL_CONVERSION = YES;
				CLANG_WARN_COMMA = YES;
				CLANG_WARN_CONSTANT_CONVERSION = YES;
				CLANG_WARN_DEPRECATED_OBJC_IMPLEMENTATIONS = YES;
				CLANG_WARN_DIRECT_OBJC_ISA_USAGE = YES_ERROR;
				CLANG_WARN_DOCUMENTATION_COMMENTS = YES;
				CLANG_WARN_EMPTY_BODY = YES;
				CLANG_WARN_ENUM_CONVERSION = YES;
				CLANG_WARN_INFINITE_RECURSION = YES;
				CLANG_WARN_INT_CONVERSION = YES;
				CLANG_WARN_NON_LITERAL_NULL_CONVERSION = YES;
				CLANG_WARN_OBJC_IMPLICIT_RETAIN_SELF = YES;
				CLANG_WARN_OBJC_LITERAL_CONVERSION = YES;
				CLANG_WARN_OBJC_ROOT_CLASS = YES_ERROR;
				CLANG_WARN_QUOTED_INCLUDE_IN_FRAMEWORK_HEADER = YES;
				CLANG_WARN_RANGE_LOOP_ANALYSIS = YES;
				CLANG_WARN_STRICT_PROTOTYPES = YES;
				CLANG_WARN_SUSPICIOUS_MOVE = YES;
				CLANG_WARN_UNGUARDED_AVAILABILITY = YES_AGGRESSIVE;
				CLANG_WARN_UNREACHABLE_CODE = YES;
				CLANG_WARN__DUPLICATE_METHOD_MATCH = YES;
				COPY_PHASE_STRIP = NO;
				DEBUG_INFORMATION_FORMAT = dwarf;
				ENABLE_STRICT_OBJC_MSGSEND = YES;
				ENABLE_TESTABILITY = YES;
				GCC_C_LANGUAGE_STANDARD = gnu11;
				GCC_DYNAMIC_NO_PIC = NO;
				GCC_NO_COMMON_BLOCKS = YES;
				GCC_OPTIMIZATION_LEVEL = 0;
				GCC_PREPROCESSOR_DEFINITIONS = (
					"DEBUG=1",
					"$(inherited)",
				);
				GCC_WARN_64_TO_32_BIT_CONVERSION = YES;
				GCC_WARN_ABOUT_RETURN_TYPE = YES_ERROR;
				GCC_WARN_UNDECLARED_SELECTOR = YES;
				GCC_WARN_UNINITIALIZED_AUTOS = YES_AGGRESSIVE;
				GCC_WARN_UNUSED_FUNCTION = YES;
				GCC_WARN_UNUSED_VARIABLE = YES;
				IPHONEOS_DEPLOYMENT_TARGET = 15.5;
				MTL_ENABLE_DEBUG_INFO = INCLUDE_SOURCE;
				MTL_FAST_MATH = YES;
				ONLY_ACTIVE_ARCH = YES;
				SDKROOT = iphoneos;
				SWIFT_ACTIVE_COMPILATION_CONDITIONS = DEBUG;
				SWIFT_OPTIMIZATION_LEVEL = "-Onone";
			};
			name = Debug;
		};
		B489FF462834F3CA00595703 /* Release */ = {
			isa = XCBuildConfiguration;
			buildSettings = {
				ALWAYS_SEARCH_USER_PATHS = NO;
				CLANG_ANALYZER_NONNULL = YES;
				CLANG_ANALYZER_NUMBER_OBJECT_CONVERSION = YES_AGGRESSIVE;
				CLANG_CXX_LANGUAGE_STANDARD = "gnu++17";
				CLANG_ENABLE_MODULES = YES;
				CLANG_ENABLE_OBJC_ARC = YES;
				CLANG_ENABLE_OBJC_WEAK = YES;
				CLANG_WARN_BLOCK_CAPTURE_AUTORELEASING = YES;
				CLANG_WARN_BOOL_CONVERSION = YES;
				CLANG_WARN_COMMA = YES;
				CLANG_WARN_CONSTANT_CONVERSION = YES;
				CLANG_WARN_DEPRECATED_OBJC_IMPLEMENTATIONS = YES;
				CLANG_WARN_DIRECT_OBJC_ISA_USAGE = YES_ERROR;
				CLANG_WARN_DOCUMENTATION_COMMENTS = YES;
				CLANG_WARN_EMPTY_BODY = YES;
				CLANG_WARN_ENUM_CONVERSION = YES;
				CLANG_WARN_INFINITE_RECURSION = YES;
				CLANG_WARN_INT_CONVERSION = YES;
				CLANG_WARN_NON_LITERAL_NULL_CONVERSION = YES;
				CLANG_WARN_OBJC_IMPLICIT_RETAIN_SELF = YES;
				CLANG_WARN_OBJC_LITERAL_CONVERSION = YES;
				CLANG_WARN_OBJC_ROOT_CLASS = YES_ERROR;
				CLANG_WARN_QUOTED_INCLUDE_IN_FRAMEWORK_HEADER = YES;
				CLANG_WARN_RANGE_LOOP_ANALYSIS = YES;
				CLANG_WARN_STRICT_PROTOTYPES = YES;
				CLANG_WARN_SUSPICIOUS_MOVE = YES;
				CLANG_WARN_UNGUARDED_AVAILABILITY = YES_AGGRESSIVE;
				CLANG_WARN_UNREACHABLE_CODE = YES;
				CLANG_WARN__DUPLICATE_METHOD_MATCH = YES;
				COPY_PHASE_STRIP = NO;
				DEBUG_INFORMATION_FORMAT = "dwarf-with-dsym";
				ENABLE_NS_ASSERTIONS = NO;
				ENABLE_STRICT_OBJC_MSGSEND = YES;
				GCC_C_LANGUAGE_STANDARD = gnu11;
				GCC_NO_COMMON_BLOCKS = YES;
				GCC_WARN_64_TO_32_BIT_CONVERSION = YES;
				GCC_WARN_ABOUT_RETURN_TYPE = YES_ERROR;
				GCC_WARN_UNDECLARED_SELECTOR = YES;
				GCC_WARN_UNINITIALIZED_AUTOS = YES_AGGRESSIVE;
				GCC_WARN_UNUSED_FUNCTION = YES;
				GCC_WARN_UNUSED_VARIABLE = YES;
				IPHONEOS_DEPLOYMENT_TARGET = 15.5;
				MTL_ENABLE_DEBUG_INFO = NO;
				MTL_FAST_MATH = YES;
				SDKROOT = iphoneos;
				SWIFT_COMPILATION_MODE = wholemodule;
				SWIFT_OPTIMIZATION_LEVEL = "-O";
				VALIDATE_PRODUCT = YES;
			};
			name = Release;
		};
		B489FF482834F3CA00595703 /* Debug */ = {
			isa = XCBuildConfiguration;
			buildSettings = {
				ASSETCATALOG_COMPILER_APPICON_NAME = AppIcon;
				ASSETCATALOG_COMPILER_GLOBAL_ACCENT_COLOR_NAME = AccentColor;
				CODE_SIGN_STYLE = Automatic;
				CURRENT_PROJECT_VERSION = 1;
				DEVELOPMENT_ASSET_PATHS = "\"Cats with coordinator/Preview Content\"";
				DEVELOPMENT_TEAM = 9M7NZR7YP6;
				ENABLE_PREVIEWS = YES;
				GENERATE_INFOPLIST_FILE = YES;
				INFOPLIST_KEY_UIApplicationSceneManifest_Generation = YES;
				INFOPLIST_KEY_UIApplicationSupportsIndirectInputEvents = YES;
				INFOPLIST_KEY_UILaunchScreen_Generation = YES;
				INFOPLIST_KEY_UISupportedInterfaceOrientations_iPad = "UIInterfaceOrientationPortrait UIInterfaceOrientationPortraitUpsideDown UIInterfaceOrientationLandscapeLeft UIInterfaceOrientationLandscapeRight";
				INFOPLIST_KEY_UISupportedInterfaceOrientations_iPhone = "UIInterfaceOrientationPortrait UIInterfaceOrientationLandscapeLeft UIInterfaceOrientationLandscapeRight";
				LD_RUNPATH_SEARCH_PATHS = (
					"$(inherited)",
					"@executable_path/Frameworks",
				);
				MARKETING_VERSION = 1.0;
				PRODUCT_BUNDLE_IDENTIFIER = "com.clickey.Cats-with-coordinator";
				PRODUCT_NAME = "$(TARGET_NAME)";
				SWIFT_EMIT_LOC_STRINGS = YES;
				SWIFT_VERSION = 5.0;
				TARGETED_DEVICE_FAMILY = "1,2";
			};
			name = Debug;
		};
		B489FF492834F3CA00595703 /* Release */ = {
			isa = XCBuildConfiguration;
			buildSettings = {
				ASSETCATALOG_COMPILER_APPICON_NAME = AppIcon;
				ASSETCATALOG_COMPILER_GLOBAL_ACCENT_COLOR_NAME = AccentColor;
				CODE_SIGN_STYLE = Automatic;
				CURRENT_PROJECT_VERSION = 1;
				DEVELOPMENT_ASSET_PATHS = "\"Cats with coordinator/Preview Content\"";
				DEVELOPMENT_TEAM = 9M7NZR7YP6;
				ENABLE_PREVIEWS = YES;
				GENERATE_INFOPLIST_FILE = YES;
				INFOPLIST_KEY_UIApplicationSceneManifest_Generation = YES;
				INFOPLIST_KEY_UIApplicationSupportsIndirectInputEvents = YES;
				INFOPLIST_KEY_UILaunchScreen_Generation = YES;
				INFOPLIST_KEY_UISupportedInterfaceOrientations_iPad = "UIInterfaceOrientationPortrait UIInterfaceOrientationPortraitUpsideDown UIInterfaceOrientationLandscapeLeft UIInterfaceOrientationLandscapeRight";
				INFOPLIST_KEY_UISupportedInterfaceOrientations_iPhone = "UIInterfaceOrientationPortrait UIInterfaceOrientationLandscapeLeft UIInterfaceOrientationLandscapeRight";
				LD_RUNPATH_SEARCH_PATHS = (
					"$(inherited)",
					"@executable_path/Frameworks",
				);
				MARKETING_VERSION = 1.0;
				PRODUCT_BUNDLE_IDENTIFIER = "com.clickey.Cats-with-coordinator";
				PRODUCT_NAME = "$(TARGET_NAME)";
				SWIFT_EMIT_LOC_STRINGS = YES;
				SWIFT_VERSION = 5.0;
				TARGETED_DEVICE_FAMILY = "1,2";
			};
			name = Release;
		};
/* End XCBuildConfiguration section */

/* Begin XCConfigurationList section */
		B489FF342834F3C800595703 /* Build configuration list for PBXProject "Cats with coordinator" */ = {
			isa = XCConfigurationList;
			buildConfigurations = (
				B489FF452834F3CA00595703 /* Debug */,
				B489FF462834F3CA00595703 /* Release */,
			);
			defaultConfigurationIsVisible = 0;
			defaultConfigurationName = Release;
		};
		B489FF472834F3CA00595703 /* Build configuration list for PBXNativeTarget "Cats with coordinator" */ = {
			isa = XCConfigurationList;
			buildConfigurations = (
				B489FF482834F3CA00595703 /* Debug */,
				B489FF492834F3CA00595703 /* Release */,
			);
			defaultConfigurationIsVisible = 0;
			defaultConfigurationName = Release;
		};
/* End XCConfigurationList section */

/* Begin XCRemoteSwiftPackageReference section */
		B489FF6F2834FF1500595703 /* XCRemoteSwiftPackageReference "stinsen" */ = {
			isa = XCRemoteSwiftPackageReference;
			repositoryURL = "https://github.com/rundfunk47/stinsen";
			requirement = {
				kind = exactVersion;
				version = 2.0.7;
			};
		};
/* End XCRemoteSwiftPackageReference section */

/* Begin XCSwiftPackageProductDependency section */
		B489FF702834FF1500595703 /* Stinsen */ = {
			isa = XCSwiftPackageProductDependency;
			package = B489FF6F2834FF1500595703 /* XCRemoteSwiftPackageReference "stinsen" */;
			productName = Stinsen;
		};
/* End XCSwiftPackageProductDependency section */
	};
	rootObject = B489FF312834F3C800595703 /* Project object */;
}
